
Microsoft Visual Studio Solution File, Format Version 11.00
# Visual Basic Express 2010
Project("{F184B08F-C81C-45F6-A57F-5ABD9991F28F}") = "ProtocolSandbox", "ProtocolSandbox\ProtocolSandbox.vbproj", "{B68A88E8-DB7D-42F0-B1CB-F2D3912AC2E6}"
EndProject
Global
	GlobalSection(SolutionConfigurationPlatforms) = preSolution
		Debug|x86 = Debug|x86
		Release|x86 = Release|x86
	EndGlobalSection
	GlobalSection(ProjectConfigurationPlatforms) = postSolution
		{B68A88E8-DB7D-42F0-B1CB-F2D3912AC2E6}.Debug|x86.ActiveCfg = Debug|x86
		{B68A88E8-DB7D-42F0-B1CB-F2D3912AC2E6}.Debug|x86.Build.0 = Debug|x86
		{B68A88E8-DB7D-42F0-B1CB-F2D3912AC2E6}.Release|x86.ActiveCfg = Release|x86
		{B68A88E8-DB7D-42F0-B1CB-F2D3912AC2E6}.Release|x86.Build.0 = Release|x86
	EndGlobalSection
	GlobalSection(SolutionProperties) = preSolution
		HideSolutionNode = FALSE
	EndGlobalSection
EndGlobal
